// !$*UTF8*$!
{
	archiveVersion = 1;
	classes = {
	};
	objectVersion = 56;
	objects = {

/* Begin PBXBuildFile section */
		4D5575C528EAB42600AA64CC /* Environment.swift in Sources */ = {isa = PBXBuildFile; fileRef = 4D5575C428EAB42600AA64CC /* Environment.swift */; };
		4D5575C828EAB5E500AA64CC /* DateFormatter+Ext.swift in Sources */ = {isa = PBXBuildFile; fileRef = 4D5575C728EAB5E500AA64CC /* DateFormatter+Ext.swift */; };
		4D5575CF28EAC26500AA64CC /* NeoGraphViewModel.swift in Sources */ = {isa = PBXBuildFile; fileRef = 4D5575CE28EAC26500AA64CC /* NeoGraphViewModel.swift */; };
		4D5575D328EAC50500AA64CC /* Bundle+Ext.swift in Sources */ = {isa = PBXBuildFile; fileRef = 4D5575D228EAC50500AA64CC /* Bundle+Ext.swift */; };
		4DB19BD628E7BFCC00082441 /* NeoService.swift in Sources */ = {isa = PBXBuildFile; fileRef = 4DB19BD528E7BFCC00082441 /* NeoService.swift */; };
		4DE305F828E6C480005D756F /* NeoGraphApp.swift in Sources */ = {isa = PBXBuildFile; fileRef = 4DE305F728E6C480005D756F /* NeoGraphApp.swift */; };
		4DE305FA28E6C480005D756F /* NeoGraphView.swift in Sources */ = {isa = PBXBuildFile; fileRef = 4DE305F928E6C480005D756F /* NeoGraphView.swift */; };
		4DE305FC28E6C482005D756F /* Assets.xcassets in Resources */ = {isa = PBXBuildFile; fileRef = 4DE305FB28E6C482005D756F /* Assets.xcassets */; };
		4DE3060028E6C482005D756F /* Preview Assets.xcassets in Resources */ = {isa = PBXBuildFile; fileRef = 4DE305FF28E6C482005D756F /* Preview Assets.xcassets */; };
		4DE3060828E6C6F7005D756F /* sample-data.json in Resources */ = {isa = PBXBuildFile; fileRef = 4DE3060728E6C6F7005D756F /* sample-data.json */; };
		4DE3060B28E6C7D0005D756F /* Constants.swift in Sources */ = {isa = PBXBuildFile; fileRef = 4DE3060A28E6C7D0005D756F /* Constants.swift */; };
		4DE3060E28E6C903005D756F /* Neo.swift in Sources */ = {isa = PBXBuildFile; fileRef = 4DE3060D28E6C902005D756F /* Neo.swift */; };
		4DE3061028E6CE90005D756F /* NeoContainer.swift in Sources */ = {isa = PBXBuildFile; fileRef = 4DE3060F28E6CE90005D756F /* NeoContainer.swift */; };
/* End PBXBuildFile section */

/* Begin PBXFileReference section */
		4D5575C428EAB42600AA64CC /* Environment.swift */ = {isa = PBXFileReference; lastKnownFileType = sourcecode.swift; path = Environment.swift; sourceTree = "<group>"; };
		4D5575C728EAB5E500AA64CC /* DateFormatter+Ext.swift */ = {isa = PBXFileReference; lastKnownFileType = sourcecode.swift; path = "DateFormatter+Ext.swift"; sourceTree = "<group>"; };
		4D5575CE28EAC26500AA64CC /* NeoGraphViewModel.swift */ = {isa = PBXFileReference; lastKnownFileType = sourcecode.swift; path = NeoGraphViewModel.swift; sourceTree = "<group>"; };
		4D5575D228EAC50500AA64CC /* Bundle+Ext.swift */ = {isa = PBXFileReference; lastKnownFileType = sourcecode.swift; path = "Bundle+Ext.swift"; sourceTree = "<group>"; };
		4DB19BD528E7BFCC00082441 /* NeoService.swift */ = {isa = PBXFileReference; lastKnownFileType = sourcecode.swift; path = NeoService.swift; sourceTree = "<group>"; };
		4DE305F428E6C480005D756F /* NeoGraph.app */ = {isa = PBXFileReference; explicitFileType = wrapper.application; includeInIndex = 0; path = NeoGraph.app; sourceTree = BUILT_PRODUCTS_DIR; };
		4DE305F728E6C480005D756F /* NeoGraphApp.swift */ = {isa = PBXFileReference; lastKnownFileType = sourcecode.swift; path = NeoGraphApp.swift; sourceTree = "<group>"; };
		4DE305F928E6C480005D756F /* NeoGraphView.swift */ = {isa = PBXFileReference; lastKnownFileType = sourcecode.swift; path = NeoGraphView.swift; sourceTree = "<group>"; };
		4DE305FB28E6C482005D756F /* Assets.xcassets */ = {isa = PBXFileReference; lastKnownFileType = folder.assetcatalog; path = Assets.xcassets; sourceTree = "<group>"; };
		4DE305FD28E6C482005D756F /* NeoGraph.entitlements */ = {isa = PBXFileReference; lastKnownFileType = text.plist.entitlements; path = NeoGraph.entitlements; sourceTree = "<group>"; };
		4DE305FF28E6C482005D756F /* Preview Assets.xcassets */ = {isa = PBXFileReference; lastKnownFileType = folder.assetcatalog; path = "Preview Assets.xcassets"; sourceTree = "<group>"; };
		4DE3060628E6C49A005D756F /* README.md */ = {isa = PBXFileReference; lastKnownFileType = net.daringfireball.markdown; path = README.md; sourceTree = "<group>"; };
		4DE3060728E6C6F7005D756F /* sample-data.json */ = {isa = PBXFileReference; lastKnownFileType = text.json; path = "sample-data.json"; sourceTree = "<group>"; };
		4DE3060A28E6C7D0005D756F /* Constants.swift */ = {isa = PBXFileReference; lastKnownFileType = sourcecode.swift; path = Constants.swift; sourceTree = "<group>"; };
		4DE3060D28E6C902005D756F /* Neo.swift */ = {isa = PBXFileReference; lastKnownFileType = sourcecode.swift; path = Neo.swift; sourceTree = "<group>"; };
		4DE3060F28E6CE90005D756F /* NeoContainer.swift */ = {isa = PBXFileReference; lastKnownFileType = sourcecode.swift; path = NeoContainer.swift; sourceTree = "<group>"; };
/* End PBXFileReference section */

/* Begin PBXFrameworksBuildPhase section */
		4DE305F128E6C480005D756F /* Frameworks */ = {
			isa = PBXFrameworksBuildPhase;
			buildActionMask = 2147483647;
			files = (
			);
			runOnlyForDeploymentPostprocessing = 0;
		};
/* End PBXFrameworksBuildPhase section */

/* Begin PBXGroup section */
		4D5575C628EAB5CD00AA64CC /* Extensions */ = {
			isa = PBXGroup;
			children = (
				4D5575D228EAC50500AA64CC /* Bundle+Ext.swift */,
				4D5575C728EAB5E500AA64CC /* DateFormatter+Ext.swift */,
			);
			path = Extensions;
			sourceTree = "<group>";
		};
		4DE305EB28E6C480005D756F = {
			isa = PBXGroup;
			children = (
				4DE305F628E6C480005D756F /* NeoGraph */,
				4DE305F528E6C480005D756F /* Products */,
			);
			sourceTree = "<group>";
		};
		4DE305F528E6C480005D756F /* Products */ = {
			isa = PBXGroup;
			children = (
				4DE305F428E6C480005D756F /* NeoGraph.app */,
			);
			name = Products;
			sourceTree = "<group>";
		};
		4DE305F628E6C480005D756F /* NeoGraph */ = {
			isa = PBXGroup;
			children = (
				4D5575C628EAB5CD00AA64CC /* Extensions */,
				4DE3061928E6D18D005D756F /* Environment */,
				4DE3060928E6C7C6005D756F /* Utilitites */,
				4DE3060C28E6C8D7005D756F /* Model */,
				4DE3061728E6D174005D756F /* Views */,
				4DE305F728E6C480005D756F /* NeoGraphApp.swift */,
				4DE305FD28E6C482005D756F /* NeoGraph.entitlements */,
				4DE305FB28E6C482005D756F /* Assets.xcassets */,
				4DE3060628E6C49A005D756F /* README.md */,
				4DE3060728E6C6F7005D756F /* sample-data.json */,
				4DE305FE28E6C482005D756F /* Preview Content */,
			);
			path = NeoGraph;
			sourceTree = "<group>";
		};
		4DE305FE28E6C482005D756F /* Preview Content */ = {
			isa = PBXGroup;
			children = (
				4DE305FF28E6C482005D756F /* Preview Assets.xcassets */,
			);
			path = "Preview Content";
			sourceTree = "<group>";
		};
		4DE3060928E6C7C6005D756F /* Utilitites */ = {
			isa = PBXGroup;
			children = (
				4DE3060A28E6C7D0005D756F /* Constants.swift */,
			);
			path = Utilitites;
			sourceTree = "<group>";
		};
		4DE3060C28E6C8D7005D756F /* Model */ = {
			isa = PBXGroup;
			children = (
				4DE3060F28E6CE90005D756F /* NeoContainer.swift */,
				4DE3060D28E6C902005D756F /* Neo.swift */,
				4DB19BD528E7BFCC00082441 /* NeoService.swift */,
			);
			path = Model;
			sourceTree = "<group>";
		};
		4DE3061728E6D174005D756F /* Views */ = {
			isa = PBXGroup;
			children = (
				4DE3061828E6D17F005D756F /* NeoGraphView */,
			);
			path = Views;
			sourceTree = "<group>";
		};
		4DE3061828E6D17F005D756F /* NeoGraphView */ = {
			isa = PBXGroup;
			children = (
				4DE305F928E6C480005D756F /* NeoGraphView.swift */,
				4D5575CE28EAC26500AA64CC /* NeoGraphViewModel.swift */,
			);
			path = NeoGraphView;
			sourceTree = "<group>";
		};
		4DE3061928E6D18D005D756F /* Environment */ = {
			isa = PBXGroup;
			children = (
				4D5575C428EAB42600AA64CC /* Environment.swift */,
			);
			path = Environment;
			sourceTree = "<group>";
		};
/* End PBXGroup section */

/* Begin PBXNativeTarget section */
		4DE305F328E6C480005D756F /* NeoGraph */ = {
			isa = PBXNativeTarget;
			buildConfigurationList = 4DE3060328E6C482005D756F /* Build configuration list for PBXNativeTarget "NeoGraph" */;
			buildPhases = (
				4DE305F028E6C480005D756F /* Sources */,
				4DE305F128E6C480005D756F /* Frameworks */,
				4DE305F228E6C480005D756F /* Resources */,
			);
			buildRules = (
			);
			dependencies = (
			);
			name = NeoGraph;
			productName = NeoGraph;
			productReference = 4DE305F428E6C480005D756F /* NeoGraph.app */;
			productType = "com.apple.product-type.application";
		};
/* End PBXNativeTarget section */

/* Begin PBXProject section */
		4DE305EC28E6C480005D756F /* Project object */ = {
			isa = PBXProject;
			attributes = {
				BuildIndependentTargetsInParallel = 1;
				LastSwiftUpdateCheck = 1400;
				LastUpgradeCheck = 1400;
				TargetAttributes = {
					4DE305F328E6C480005D756F = {
						CreatedOnToolsVersion = 14.0;
					};
				};
			};
			buildConfigurationList = 4DE305EF28E6C480005D756F /* Build configuration list for PBXProject "NeoGraph" */;
			compatibilityVersion = "Xcode 14.0";
			developmentRegion = en;
			hasScannedForEncodings = 0;
			knownRegions = (
				en,
				Base,
			);
			mainGroup = 4DE305EB28E6C480005D756F;
			productRefGroup = 4DE305F528E6C480005D756F /* Products */;
			projectDirPath = "";
			projectRoot = "";
			targets = (
				4DE305F328E6C480005D756F /* NeoGraph */,
			);
		};
/* End PBXProject section */

/* Begin PBXResourcesBuildPhase section */
		4DE305F228E6C480005D756F /* Resources */ = {
			isa = PBXResourcesBuildPhase;
			buildActionMask = 2147483647;
			files = (
				4DE3060828E6C6F7005D756F /* sample-data.json in Resources */,
				4DE3060028E6C482005D756F /* Preview Assets.xcassets in Resources */,
				4DE305FC28E6C482005D756F /* Assets.xcassets in Resources */,
			);
			runOnlyForDeploymentPostprocessing = 0;
		};
/* End PBXResourcesBuildPhase section */

/* Begin PBXSourcesBuildPhase section */
		4DE305F028E6C480005D756F /* Sources */ = {
			isa = PBXSourcesBuildPhase;
			buildActionMask = 2147483647;
			files = (
				4D5575C828EAB5E500AA64CC /* DateFormatter+Ext.swift in Sources */,
				4DB19BD628E7BFCC00082441 /* NeoService.swift in Sources */,
				4DE3061028E6CE90005D756F /* NeoContainer.swift in Sources */,
				4DE305FA28E6C480005D756F /* NeoGraphView.swift in Sources */,
				4DE305F828E6C480005D756F /* NeoGraphApp.swift in Sources */,
				4DE3060E28E6C903005D756F /* Neo.swift in Sources */,
				4DE3060B28E6C7D0005D756F /* Constants.swift in Sources */,
				4D5575D328EAC50500AA64CC /* Bundle+Ext.swift in Sources */,
				4D5575C528EAB42600AA64CC /* Environment.swift in Sources */,
				4D5575CF28EAC26500AA64CC /* NeoGraphViewModel.swift in Sources */,
			);
			runOnlyForDeploymentPostprocessing = 0;
		};
/* End PBXSourcesBuildPhase section */

/* Begin XCBuildConfiguration section */
		4DE3060128E6C482005D756F /* Debug */ = {
			isa = XCBuildConfiguration;
			buildSettings = {
				ALWAYS_SEARCH_USER_PATHS = NO;
				CLANG_ANALYZER_NONNULL = YES;
				CLANG_ANALYZER_NUMBER_OBJECT_CONVERSION = YES_AGGRESSIVE;
				CLANG_CXX_LANGUAGE_STANDARD = "gnu++20";
				CLANG_ENABLE_MODULES = YES;
				CLANG_ENABLE_OBJC_ARC = YES;
				CLANG_ENABLE_OBJC_WEAK = YES;
				CLANG_WARN_BLOCK_CAPTURE_AUTORELEASING = YES;
				CLANG_WARN_BOOL_CONVERSION = YES;
				CLANG_WARN_COMMA = YES;
				CLANG_WARN_CONSTANT_CONVERSION = YES;
				CLANG_WARN_DEPRECATED_OBJC_IMPLEMENTATIONS = YES;
				CLANG_WARN_DIRECT_OBJC_ISA_USAGE = YES_ERROR;
				CLANG_WARN_DOCUMENTATION_COMMENTS = YES;
				CLANG_WARN_EMPTY_BODY = YES;
				CLANG_WARN_ENUM_CONVERSION = YES;
				CLANG_WARN_INFINITE_RECURSION = YES;
				CLANG_WARN_INT_CONVERSION = YES;
				CLANG_WARN_NON_LITERAL_NULL_CONVERSION = YES;
				CLANG_WARN_OBJC_IMPLICIT_RETAIN_SELF = YES;
				CLANG_WARN_OBJC_LITERAL_CONVERSION = YES;
				CLANG_WARN_OBJC_ROOT_CLASS = YES_ERROR;
				CLANG_WARN_QUOTED_INCLUDE_IN_FRAMEWORK_HEADER = YES;
				CLANG_WARN_RANGE_LOOP_ANALYSIS = YES;
				CLANG_WARN_STRICT_PROTOTYPES = YES;
				CLANG_WARN_SUSPICIOUS_MOVE = YES;
				CLANG_WARN_UNGUARDED_AVAILABILITY = YES_AGGRESSIVE;
				CLANG_WARN_UNREACHABLE_CODE = YES;
				CLANG_WARN__DUPLICATE_METHOD_MATCH = YES;
				COPY_PHASE_STRIP = NO;
				DEBUG_INFORMATION_FORMAT = dwarf;
				ENABLE_STRICT_OBJC_MSGSEND = YES;
				ENABLE_TESTABILITY = YES;
				GCC_C_LANGUAGE_STANDARD = gnu11;
				GCC_DYNAMIC_NO_PIC = NO;
				GCC_NO_COMMON_BLOCKS = YES;
				GCC_OPTIMIZATION_LEVEL = 0;
				GCC_PREPROCESSOR_DEFINITIONS = (
					"DEBUG=1",
					"$(inherited)",
				);
				GCC_WARN_64_TO_32_BIT_CONVERSION = YES;
				GCC_WARN_ABOUT_RETURN_TYPE = YES_ERROR;
				GCC_WARN_UNDECLARED_SELECTOR = YES;
				GCC_WARN_UNINITIALIZED_AUTOS = YES_AGGRESSIVE;
				GCC_WARN_UNUSED_FUNCTION = YES;
				GCC_WARN_UNUSED_VARIABLE = YES;
				MTL_ENABLE_DEBUG_INFO = INCLUDE_SOURCE;
				MTL_FAST_MATH = YES;
				ONLY_ACTIVE_ARCH = YES;
				SWIFT_ACTIVE_COMPILATION_CONDITIONS = DEBUG;
				SWIFT_OPTIMIZATION_LEVEL = "-Onone";
			};
			name = Debug;
		};
		4DE3060228E6C482005D756F /* Release */ = {
			isa = XCBuildConfiguration;
			buildSettings = {
				ALWAYS_SEARCH_USER_PATHS = NO;
				CLANG_ANALYZER_NONNULL = YES;
				CLANG_ANALYZER_NUMBER_OBJECT_CONVERSION = YES_AGGRESSIVE;
				CLANG_CXX_LANGUAGE_STANDARD = "gnu++20";
				CLANG_ENABLE_MODULES = YES;
				CLANG_ENABLE_OBJC_ARC = YES;
				CLANG_ENABLE_OBJC_WEAK = YES;
				CLANG_WARN_BLOCK_CAPTURE_AUTORELEASING = YES;
				CLANG_WARN_BOOL_CONVERSION = YES;
				CLANG_WARN_COMMA = YES;
				CLANG_WARN_CONSTANT_CONVERSION = YES;
				CLANG_WARN_DEPRECATED_OBJC_IMPLEMENTATIONS = YES;
				CLANG_WARN_DIRECT_OBJC_ISA_USAGE = YES_ERROR;
				CLANG_WARN_DOCUMENTATION_COMMENTS = YES;
				CLANG_WARN_EMPTY_BODY = YES;
				CLANG_WARN_ENUM_CONVERSION = YES;
				CLANG_WARN_INFINITE_RECURSION = YES;
				CLANG_WARN_INT_CONVERSION = YES;
				CLANG_WARN_NON_LITERAL_NULL_CONVERSION = YES;
				CLANG_WARN_OBJC_IMPLICIT_RETAIN_SELF = YES;
				CLANG_WARN_OBJC_LITERAL_CONVERSION = YES;
				CLANG_WARN_OBJC_ROOT_CLASS = YES_ERROR;
				CLANG_WARN_QUOTED_INCLUDE_IN_FRAMEWORK_HEADER = YES;
				CLANG_WARN_RANGE_LOOP_ANALYSIS = YES;
				CLANG_WARN_STRICT_PROTOTYPES = YES;
				CLANG_WARN_SUSPICIOUS_MOVE = YES;
				CLANG_WARN_UNGUARDED_AVAILABILITY = YES_AGGRESSIVE;
				CLANG_WARN_UNREACHABLE_CODE = YES;
				CLANG_WARN__DUPLICATE_METHOD_MATCH = YES;
				COPY_PHASE_STRIP = NO;
				DEBUG_INFORMATION_FORMAT = "dwarf-with-dsym";
				ENABLE_NS_ASSERTIONS = NO;
				ENABLE_STRICT_OBJC_MSGSEND = YES;
				GCC_C_LANGUAGE_STANDARD = gnu11;
				GCC_NO_COMMON_BLOCKS = YES;
				GCC_WARN_64_TO_32_BIT_CONVERSION = YES;
				GCC_WARN_ABOUT_RETURN_TYPE = YES_ERROR;
				GCC_WARN_UNDECLARED_SELECTOR = YES;
				GCC_WARN_UNINITIALIZED_AUTOS = YES_AGGRESSIVE;
				GCC_WARN_UNUSED_FUNCTION = YES;
				GCC_WARN_UNUSED_VARIABLE = YES;
				MTL_ENABLE_DEBUG_INFO = NO;
				MTL_FAST_MATH = YES;
				SWIFT_COMPILATION_MODE = wholemodule;
				SWIFT_OPTIMIZATION_LEVEL = "-O";
			};
			name = Release;
		};
		4DE3060428E6C482005D756F /* Debug */ = {
			isa = XCBuildConfiguration;
			buildSettings = {
				ASSETCATALOG_COMPILER_APPICON_NAME = AppIcon;
				ASSETCATALOG_COMPILER_GLOBAL_ACCENT_COLOR_NAME = AccentColor;
				CODE_SIGN_ENTITLEMENTS = NeoGraph/NeoGraph.entitlements;
				CODE_SIGN_STYLE = Automatic;
				CURRENT_PROJECT_VERSION = 1;
				DEVELOPMENT_ASSET_PATHS = "\"NeoGraph/Preview Content\"";
				DEVELOPMENT_TEAM = 4FH6DPMUTJ;
				ENABLE_HARDENED_RUNTIME = YES;
				ENABLE_PREVIEWS = YES;
				GENERATE_INFOPLIST_FILE = YES;
				"INFOPLIST_KEY_UIApplicationSceneManifest_Generation[sdk=iphoneos*]" = YES;
				"INFOPLIST_KEY_UIApplicationSceneManifest_Generation[sdk=iphonesimulator*]" = YES;
				"INFOPLIST_KEY_UIApplicationSupportsIndirectInputEvents[sdk=iphoneos*]" = YES;
				"INFOPLIST_KEY_UIApplicationSupportsIndirectInputEvents[sdk=iphonesimulator*]" = YES;
				"INFOPLIST_KEY_UILaunchScreen_Generation[sdk=iphoneos*]" = YES;
				"INFOPLIST_KEY_UILaunchScreen_Generation[sdk=iphonesimulator*]" = YES;
				"INFOPLIST_KEY_UIStatusBarStyle[sdk=iphoneos*]" = UIStatusBarStyleDefault;
				"INFOPLIST_KEY_UIStatusBarStyle[sdk=iphonesimulator*]" = UIStatusBarStyleDefault;
				INFOPLIST_KEY_UISupportedInterfaceOrientations_iPad = "UIInterfaceOrientationPortrait UIInterfaceOrientationPortraitUpsideDown UIInterfaceOrientationLandscapeLeft UIInterfaceOrientationLandscapeRight";
				INFOPLIST_KEY_UISupportedInterfaceOrientations_iPhone = "UIInterfaceOrientationPortrait UIInterfaceOrientationLandscapeLeft UIInterfaceOrientationLandscapeRight";
				IPHONEOS_DEPLOYMENT_TARGET = 16.0;
				LD_RUNPATH_SEARCH_PATHS = "@executable_path/Frameworks";
				"LD_RUNPATH_SEARCH_PATHS[sdk=macosx*]" = "@executable_path/../Frameworks";
				MACOSX_DEPLOYMENT_TARGET = 12.3;
				MARKETING_VERSION = 1.0;
				PRODUCT_BUNDLE_IDENTIFIER = com.chontorres.NeoGraph;
				PRODUCT_NAME = "$(TARGET_NAME)";
				SDKROOT = auto;
				SUPPORTED_PLATFORMS = "iphoneos iphonesimulator macosx";
				SWIFT_EMIT_LOC_STRINGS = YES;
				SWIFT_VERSION = 5.0;
				TARGETED_DEVICE_FAMILY = "1,2";
			};
			name = Debug;
		};
		4DE3060528E6C482005D756F /* Release */ = {
			isa = XCBuildConfiguration;
			buildSettings = {
				ASSETCATALOG_COMPILER_APPICON_NAME = AppIcon;
				ASSETCATALOG_COMPILER_GLOBAL_ACCENT_COLOR_NAME = AccentColor;
				CODE_SIGN_ENTITLEMENTS = NeoGraph/NeoGraph.entitlements;
				CODE_SIGN_STYLE = Automatic;
				CURRENT_PROJECT_VERSION = 1;
				DEVELOPMENT_ASSET_PATHS = "\"NeoGraph/Preview Content\"";
				DEVELOPMENT_TEAM = 4FH6DPMUTJ;
				ENABLE_HARDENED_RUNTIME = YES;
				ENABLE_PREVIEWS = YES;
				GENERATE_INFOPLIST_FILE = YES;
				"INFOPLIST_KEY_UIApplicationSceneManifest_Generation[sdk=iphoneos*]" = YES;
				"INFOPLIST_KEY_UIApplicationSceneManifest_Generation[sdk=iphonesimulator*]" = YES;
				"INFOPLIST_KEY_UIApplicationSupportsIndirectInputEvents[sdk=iphoneos*]" = YES;
				"INFOPLIST_KEY_UIApplicationSupportsIndirectInputEvents[sdk=iphonesimulator*]" = YES;
				"INFOPLIST_KEY_UILaunchScreen_Generation[sdk=iphoneos*]" = YES;
				"INFOPLIST_KEY_UILaunchScreen_Generation[sdk=iphonesimulator*]" = YES;
				"INFOPLIST_KEY_UIStatusBarStyle[sdk=iphoneos*]" = UIStatusBarStyleDefault;
				"INFOPLIST_KEY_UIStatusBarStyle[sdk=iphonesimulator*]" = UIStatusBarStyleDefault;
				INFOPLIST_KEY_UISupportedInterfaceOrientations_iPad = "UIInterfaceOrientationPortrait UIInterfaceOrientationPortraitUpsideDown UIInterfaceOrientationLandscapeLeft UIInterfaceOrientationLandscapeRight";
				INFOPLIST_KEY_UISupportedInterfaceOrientations_iPhone = "UIInterfaceOrientationPortrait UIInterfaceOrientationLandscapeLeft UIInterfaceOrientationLandscapeRight";
				IPHONEOS_DEPLOYMENT_TARGET = 16.0;
				LD_RUNPATH_SEARCH_PATHS = "@executable_path/Frameworks";
				"LD_RUNPATH_SEARCH_PATHS[sdk=macosx*]" = "@executable_path/../Frameworks";
				MACOSX_DEPLOYMENT_TARGET = 12.3;
				MARKETING_VERSION = 1.0;
				PRODUCT_BUNDLE_IDENTIFIER = com.chontorres.NeoGraph;
				PRODUCT_NAME = "$(TARGET_NAME)";
				SDKROOT = auto;
				SUPPORTED_PLATFORMS = "iphoneos iphonesimulator macosx";
				SWIFT_EMIT_LOC_STRINGS = YES;
				SWIFT_VERSION = 5.0;
				TARGETED_DEVICE_FAMILY = "1,2";
			};
			name = Release;
		};
/* End XCBuildConfiguration section */

/* Begin XCConfigurationList section */
		4DE305EF28E6C480005D756F /* Build configuration list for PBXProject "NeoGraph" */ = {
			isa = XCConfigurationList;
			buildConfigurations = (
				4DE3060128E6C482005D756F /* Debug */,
				4DE3060228E6C482005D756F /* Release */,
			);
			defaultConfigurationIsVisible = 0;
			defaultConfigurationName = Release;
		};
		4DE3060328E6C482005D756F /* Build configuration list for PBXNativeTarget "NeoGraph" */ = {
			isa = XCConfigurationList;
			buildConfigurations = (
				4DE3060428E6C482005D756F /* Debug */,
				4DE3060528E6C482005D756F /* Release */,
			);
			defaultConfigurationIsVisible = 0;
			defaultConfigurationName = Release;
		};
/* End XCConfigurationList section */
	};
	rootObject = 4DE305EC28E6C480005D756F /* Project object */;
}
